// !$*UTF8*$!
{
	archiveVersion = 1;
	classes = {
	};
	objectVersion = 56;
	objects = {

/* Begin PBXBuildFile section */
		D26102BE29E9937000609535 /* SearchInput in Frameworks */ = {isa = PBXBuildFile; productRef = D26102BD29E9937000609535 /* SearchInput */; };
		D2C217CA29EED82B00F8D426 /* SceneDelegate.swift in Sources */ = {isa = PBXBuildFile; fileRef = D2C217C629EED82B00F8D426 /* SceneDelegate.swift */; };
		D2C217CB29EED82B00F8D426 /* RootNavigationController.swift in Sources */ = {isa = PBXBuildFile; fileRef = D2C217C729EED82B00F8D426 /* RootNavigationController.swift */; };
		D2C217CC29EED82B00F8D426 /* RootViewController.swift in Sources */ = {isa = PBXBuildFile; fileRef = D2C217C829EED82B00F8D426 /* RootViewController.swift */; };
		D2C217CD29EED82B00F8D426 /* AppDelegate.swift in Sources */ = {isa = PBXBuildFile; fileRef = D2C217C929EED82B00F8D426 /* AppDelegate.swift */; };
		D2E2018229E9728C00880CBB /* RootContentView.swift in Sources */ = {isa = PBXBuildFile; fileRef = D2E2018129E9728C00880CBB /* RootContentView.swift */; };
		D2E2018429E9728C00880CBB /* Assets.xcassets in Resources */ = {isa = PBXBuildFile; fileRef = D2E2018329E9728C00880CBB /* Assets.xcassets */; };
		D2E2018729E9728C00880CBB /* Preview Assets.xcassets in Resources */ = {isa = PBXBuildFile; fileRef = D2E2018629E9728C00880CBB /* Preview Assets.xcassets */; };
		D2E2019829E989E400880CBB /* SearchResults in Resources */ = {isa = PBXBuildFile; fileRef = D2E2019529E989E400880CBB /* SearchResults */; };
		D2E2019929E989E400880CBB /* SearchInput in Resources */ = {isa = PBXBuildFile; fileRef = D2E2019629E989E400880CBB /* SearchInput */; };
/* End PBXBuildFile section */

/* Begin PBXFileReference section */
		D2C217C629EED82B00F8D426 /* SceneDelegate.swift */ = {isa = PBXFileReference; fileEncoding = 4; lastKnownFileType = sourcecode.swift; path = SceneDelegate.swift; sourceTree = "<group>"; };
		D2C217C729EED82B00F8D426 /* RootNavigationController.swift */ = {isa = PBXFileReference; fileEncoding = 4; lastKnownFileType = sourcecode.swift; path = RootNavigationController.swift; sourceTree = "<group>"; };
		D2C217C829EED82B00F8D426 /* RootViewController.swift */ = {isa = PBXFileReference; fileEncoding = 4; lastKnownFileType = sourcecode.swift; path = RootViewController.swift; sourceTree = "<group>"; };
		D2C217C929EED82B00F8D426 /* AppDelegate.swift */ = {isa = PBXFileReference; fileEncoding = 4; lastKnownFileType = sourcecode.swift; path = AppDelegate.swift; sourceTree = "<group>"; };
		D2C217CF29EED87D00F8D426 /* Info.plist */ = {isa = PBXFileReference; lastKnownFileType = text.plist; path = Info.plist; sourceTree = "<group>"; };
		D2E2017C29E9728B00880CBB /* VIPFeed.app */ = {isa = PBXFileReference; explicitFileType = wrapper.application; includeInIndex = 0; path = VIPFeed.app; sourceTree = BUILT_PRODUCTS_DIR; };
		D2E2018129E9728C00880CBB /* RootContentView.swift */ = {isa = PBXFileReference; lastKnownFileType = sourcecode.swift; path = RootContentView.swift; sourceTree = "<group>"; };
		D2E2018329E9728C00880CBB /* Assets.xcassets */ = {isa = PBXFileReference; lastKnownFileType = folder.assetcatalog; path = Assets.xcassets; sourceTree = "<group>"; };
		D2E2018629E9728C00880CBB /* Preview Assets.xcassets */ = {isa = PBXFileReference; lastKnownFileType = folder.assetcatalog; path = "Preview Assets.xcassets"; sourceTree = "<group>"; };
		D2E2019529E989E400880CBB /* SearchResults */ = {isa = PBXFileReference; lastKnownFileType = wrapper; path = SearchResults; sourceTree = "<group>"; };
		D2E2019629E989E400880CBB /* SearchInput */ = {isa = PBXFileReference; lastKnownFileType = wrapper; path = SearchInput; sourceTree = "<group>"; };
		D2E2019A29E98A4A00880CBB /* Architecture */ = {isa = PBXFileReference; lastKnownFileType = wrapper; path = Architecture; sourceTree = "<group>"; };
/* End PBXFileReference section */

/* Begin PBXFrameworksBuildPhase section */
		D2E2017929E9728B00880CBB /* Frameworks */ = {
			isa = PBXFrameworksBuildPhase;
			buildActionMask = 2147483647;
			files = (
				D26102BE29E9937000609535 /* SearchInput in Frameworks */,
			);
			runOnlyForDeploymentPostprocessing = 0;
		};
/* End PBXFrameworksBuildPhase section */

/* Begin PBXGroup section */
		D26102BC29E9937000609535 /* Frameworks */ = {
			isa = PBXGroup;
			children = (
			);
			name = Frameworks;
			sourceTree = "<group>";
		};
		D2E2017329E9728B00880CBB = {
			isa = PBXGroup;
			children = (
				D2E2017E29E9728B00880CBB /* VIPFeed */,
				D2E2018E29E982BB00880CBB /* Modules */,
				D2E2017D29E9728B00880CBB /* Products */,
				D26102BC29E9937000609535 /* Frameworks */,
			);
			sourceTree = "<group>";
		};
		D2E2017D29E9728B00880CBB /* Products */ = {
			isa = PBXGroup;
			children = (
				D2E2017C29E9728B00880CBB /* VIPFeed.app */,
			);
			name = Products;
			sourceTree = "<group>";
		};
		D2E2017E29E9728B00880CBB /* VIPFeed */ = {
			isa = PBXGroup;
			children = (
				D2C217CF29EED87D00F8D426 /* Info.plist */,
				D2C217C929EED82B00F8D426 /* AppDelegate.swift */,
				D2C217C729EED82B00F8D426 /* RootNavigationController.swift */,
				D2C217C829EED82B00F8D426 /* RootViewController.swift */,
				D2C217C629EED82B00F8D426 /* SceneDelegate.swift */,
				D2E2018129E9728C00880CBB /* RootContentView.swift */,
				D2E2018329E9728C00880CBB /* Assets.xcassets */,
				D2E2018529E9728C00880CBB /* Preview Content */,
			);
			path = VIPFeed;
			sourceTree = "<group>";
		};
		D2E2018529E9728C00880CBB /* Preview Content */ = {
			isa = PBXGroup;
			children = (
				D2E2018629E9728C00880CBB /* Preview Assets.xcassets */,
			);
			path = "Preview Content";
			sourceTree = "<group>";
		};
		D2E2018E29E982BB00880CBB /* Modules */ = {
			isa = PBXGroup;
			children = (
				D2E2019329E989E400880CBB /* Business */,
				D2E2019729E989E400880CBB /* Core */,
				D2E2019429E989E400880CBB /* Feature */,
			);
			path = Modules;
			sourceTree = "<group>";
		};
		D2E2019329E989E400880CBB /* Business */ = {
			isa = PBXGroup;
			children = (
			);
			path = Business;
			sourceTree = "<group>";
		};
		D2E2019429E989E400880CBB /* Feature */ = {
			isa = PBXGroup;
			children = (
				D2E2019529E989E400880CBB /* SearchResults */,
				D2E2019629E989E400880CBB /* SearchInput */,
			);
			path = Feature;
			sourceTree = "<group>";
		};
		D2E2019729E989E400880CBB /* Core */ = {
			isa = PBXGroup;
			children = (
				D2E2019A29E98A4A00880CBB /* Architecture */,
			);
			path = Core;
			sourceTree = "<group>";
		};
/* End PBXGroup section */

/* Begin PBXNativeTarget section */
		D2E2017B29E9728B00880CBB /* VIPFeed */ = {
			isa = PBXNativeTarget;
			buildConfigurationList = D2E2018A29E9728C00880CBB /* Build configuration list for PBXNativeTarget "VIPFeed" */;
			buildPhases = (
				D2E2017829E9728B00880CBB /* Sources */,
				D2E2017929E9728B00880CBB /* Frameworks */,
				D2E2017A29E9728B00880CBB /* Resources */,
			);
			buildRules = (
			);
			dependencies = (
			);
			name = VIPFeed;
			packageProductDependencies = (
				D26102BD29E9937000609535 /* SearchInput */,
			);
			productName = VIPFeed;
			productReference = D2E2017C29E9728B00880CBB /* VIPFeed.app */;
			productType = "com.apple.product-type.application";
		};
/* End PBXNativeTarget section */

/* Begin PBXProject section */
		D2E2017429E9728B00880CBB /* Project object */ = {
			isa = PBXProject;
			attributes = {
				BuildIndependentTargetsInParallel = 1;
				LastSwiftUpdateCheck = 1420;
				LastUpgradeCheck = 1420;
				TargetAttributes = {
					D2E2017B29E9728B00880CBB = {
						CreatedOnToolsVersion = 14.2;
					};
				};
			};
			buildConfigurationList = D2E2017729E9728B00880CBB /* Build configuration list for PBXProject "VIPFeed" */;
			compatibilityVersion = "Xcode 14.0";
			developmentRegion = en;
			hasScannedForEncodings = 0;
			knownRegions = (
				en,
				Base,
			);
			mainGroup = D2E2017329E9728B00880CBB;
			productRefGroup = D2E2017D29E9728B00880CBB /* Products */;
			projectDirPath = "";
			projectRoot = "";
			targets = (
				D2E2017B29E9728B00880CBB /* VIPFeed */,
			);
		};
/* End PBXProject section */

/* Begin PBXResourcesBuildPhase section */
		D2E2017A29E9728B00880CBB /* Resources */ = {
			isa = PBXResourcesBuildPhase;
			buildActionMask = 2147483647;
			files = (
				D2E2018729E9728C00880CBB /* Preview Assets.xcassets in Resources */,
				D2E2019929E989E400880CBB /* SearchInput in Resources */,
				D2E2019829E989E400880CBB /* SearchResults in Resources */,
				D2E2018429E9728C00880CBB /* Assets.xcassets in Resources */,
			);
			runOnlyForDeploymentPostprocessing = 0;
		};
/* End PBXResourcesBuildPhase section */

/* Begin PBXSourcesBuildPhase section */
		D2E2017829E9728B00880CBB /* Sources */ = {
			isa = PBXSourcesBuildPhase;
			buildActionMask = 2147483647;
			files = (
				D2E2018229E9728C00880CBB /* RootContentView.swift in Sources */,
				D2C217CA29EED82B00F8D426 /* SceneDelegate.swift in Sources */,
				D2C217CC29EED82B00F8D426 /* RootViewController.swift in Sources */,
				D2C217CD29EED82B00F8D426 /* AppDelegate.swift in Sources */,
				D2C217CB29EED82B00F8D426 /* RootNavigationController.swift in Sources */,
			);
			runOnlyForDeploymentPostprocessing = 0;
		};
/* End PBXSourcesBuildPhase section */

/* Begin XCBuildConfiguration section */
		D2E2018829E9728C00880CBB /* Debug */ = {
			isa = XCBuildConfiguration;
			buildSettings = {
				ALWAYS_SEARCH_USER_PATHS = NO;
				CLANG_ANALYZER_NONNULL = YES;
				CLANG_ANALYZER_NUMBER_OBJECT_CONVERSION = YES_AGGRESSIVE;
				CLANG_CXX_LANGUAGE_STANDARD = "gnu++20";
				CLANG_ENABLE_MODULES = YES;
				CLANG_ENABLE_OBJC_ARC = YES;
				CLANG_ENABLE_OBJC_WEAK = YES;
				CLANG_WARN_BLOCK_CAPTURE_AUTORELEASING = YES;
				CLANG_WARN_BOOL_CONVERSION = YES;
				CLANG_WARN_COMMA = YES;
				CLANG_WARN_CONSTANT_CONVERSION = YES;
				CLANG_WARN_DEPRECATED_OBJC_IMPLEMENTATIONS = YES;
				CLANG_WARN_DIRECT_OBJC_ISA_USAGE = YES_ERROR;
				CLANG_WARN_DOCUMENTATION_COMMENTS = YES;
				CLANG_WARN_EMPTY_BODY = YES;
				CLANG_WARN_ENUM_CONVERSION = YES;
				CLANG_WARN_INFINITE_RECURSION = YES;
				CLANG_WARN_INT_CONVERSION = YES;
				CLANG_WARN_NON_LITERAL_NULL_CONVERSION = YES;
				CLANG_WARN_OBJC_IMPLICIT_RETAIN_SELF = YES;
				CLANG_WARN_OBJC_LITERAL_CONVERSION = YES;
				CLANG_WARN_OBJC_ROOT_CLASS = YES_ERROR;
				CLANG_WARN_QUOTED_INCLUDE_IN_FRAMEWORK_HEADER = YES;
				CLANG_WARN_RANGE_LOOP_ANALYSIS = YES;
				CLANG_WARN_STRICT_PROTOTYPES = YES;
				CLANG_WARN_SUSPICIOUS_MOVE = YES;
				CLANG_WARN_UNGUARDED_AVAILABILITY = YES_AGGRESSIVE;
				CLANG_WARN_UNREACHABLE_CODE = YES;
				CLANG_WARN__DUPLICATE_METHOD_MATCH = YES;
				COPY_PHASE_STRIP = NO;
				DEBUG_INFORMATION_FORMAT = dwarf;
				ENABLE_STRICT_OBJC_MSGSEND = YES;
				ENABLE_TESTABILITY = YES;
				GCC_C_LANGUAGE_STANDARD = gnu11;
				GCC_DYNAMIC_NO_PIC = NO;
				GCC_NO_COMMON_BLOCKS = YES;
				GCC_OPTIMIZATION_LEVEL = 0;
				GCC_PREPROCESSOR_DEFINITIONS = (
					"DEBUG=1",
					"$(inherited)",
				);
				GCC_WARN_64_TO_32_BIT_CONVERSION = YES;
				GCC_WARN_ABOUT_RETURN_TYPE = YES_ERROR;
				GCC_WARN_UNDECLARED_SELECTOR = YES;
				GCC_WARN_UNINITIALIZED_AUTOS = YES_AGGRESSIVE;
				GCC_WARN_UNUSED_FUNCTION = YES;
				GCC_WARN_UNUSED_VARIABLE = YES;
				IPHONEOS_DEPLOYMENT_TARGET = 16.2;
				MTL_ENABLE_DEBUG_INFO = INCLUDE_SOURCE;
				MTL_FAST_MATH = YES;
				ONLY_ACTIVE_ARCH = YES;
				SDKROOT = iphoneos;
				SWIFT_ACTIVE_COMPILATION_CONDITIONS = DEBUG;
				SWIFT_OPTIMIZATION_LEVEL = "-Onone";
			};
			name = Debug;
		};
		D2E2018929E9728C00880CBB /* Release */ = {
			isa = XCBuildConfiguration;
			buildSettings = {
				ALWAYS_SEARCH_USER_PATHS = NO;
				CLANG_ANALYZER_NONNULL = YES;
				CLANG_ANALYZER_NUMBER_OBJECT_CONVERSION = YES_AGGRESSIVE;
				CLANG_CXX_LANGUAGE_STANDARD = "gnu++20";
				CLANG_ENABLE_MODULES = YES;
				CLANG_ENABLE_OBJC_ARC = YES;
				CLANG_ENABLE_OBJC_WEAK = YES;
				CLANG_WARN_BLOCK_CAPTURE_AUTORELEASING = YES;
				CLANG_WARN_BOOL_CONVERSION = YES;
				CLANG_WARN_COMMA = YES;
				CLANG_WARN_CONSTANT_CONVERSION = YES;
				CLANG_WARN_DEPRECATED_OBJC_IMPLEMENTATIONS = YES;
				CLANG_WARN_DIRECT_OBJC_ISA_USAGE = YES_ERROR;
				CLANG_WARN_DOCUMENTATION_COMMENTS = YES;
				CLANG_WARN_EMPTY_BODY = YES;
				CLANG_WARN_ENUM_CONVERSION = YES;
				CLANG_WARN_INFINITE_RECURSION = YES;
				CLANG_WARN_INT_CONVERSION = YES;
				CLANG_WARN_NON_LITERAL_NULL_CONVERSION = YES;
				CLANG_WARN_OBJC_IMPLICIT_RETAIN_SELF = YES;
				CLANG_WARN_OBJC_LITERAL_CONVERSION = YES;
				CLANG_WARN_OBJC_ROOT_CLASS = YES_ERROR;
				CLANG_WARN_QUOTED_INCLUDE_IN_FRAMEWORK_HEADER = YES;
				CLANG_WARN_RANGE_LOOP_ANALYSIS = YES;
				CLANG_WARN_STRICT_PROTOTYPES = YES;
				CLANG_WARN_SUSPICIOUS_MOVE = YES;
				CLANG_WARN_UNGUARDED_AVAILABILITY = YES_AGGRESSIVE;
				CLANG_WARN_UNREACHABLE_CODE = YES;
				CLANG_WARN__DUPLICATE_METHOD_MATCH = YES;
				COPY_PHASE_STRIP = NO;
				DEBUG_INFORMATION_FORMAT = "dwarf-with-dsym";
				ENABLE_NS_ASSERTIONS = NO;
				ENABLE_STRICT_OBJC_MSGSEND = YES;
				GCC_C_LANGUAGE_STANDARD = gnu11;
				GCC_NO_COMMON_BLOCKS = YES;
				GCC_WARN_64_TO_32_BIT_CONVERSION = YES;
				GCC_WARN_ABOUT_RETURN_TYPE = YES_ERROR;
				GCC_WARN_UNDECLARED_SELECTOR = YES;
				GCC_WARN_UNINITIALIZED_AUTOS = YES_AGGRESSIVE;
				GCC_WARN_UNUSED_FUNCTION = YES;
				GCC_WARN_UNUSED_VARIABLE = YES;
				IPHONEOS_DEPLOYMENT_TARGET = 16.2;
				MTL_ENABLE_DEBUG_INFO = NO;
				MTL_FAST_MATH = YES;
				SDKROOT = iphoneos;
				SWIFT_COMPILATION_MODE = wholemodule;
				SWIFT_OPTIMIZATION_LEVEL = "-O";
				VALIDATE_PRODUCT = YES;
			};
			name = Release;
		};
		D2E2018B29E9728C00880CBB /* Debug */ = {
			isa = XCBuildConfiguration;
			buildSettings = {
				ASSETCATALOG_COMPILER_APPICON_NAME = AppIcon;
				ASSETCATALOG_COMPILER_GLOBAL_ACCENT_COLOR_NAME = AccentColor;
				CODE_SIGN_STYLE = Automatic;
				CURRENT_PROJECT_VERSION = 1;
				DEVELOPMENT_ASSET_PATHS = "\"VIPFeed/Preview Content\"";
				DEVELOPMENT_TEAM = DPQ9RAQSM5;
				ENABLE_PREVIEWS = YES;
				GENERATE_INFOPLIST_FILE = YES;
				INFOPLIST_FILE = VIPFeed/Info.plist;
				INFOPLIST_KEY_UIApplicationSupportsIndirectInputEvents = YES;
				INFOPLIST_KEY_UILaunchScreen_Generation = YES;
				INFOPLIST_KEY_UISupportedInterfaceOrientations_iPad = "UIInterfaceOrientationPortrait UIInterfaceOrientationPortraitUpsideDown UIInterfaceOrientationLandscapeLeft UIInterfaceOrientationLandscapeRight";
				INFOPLIST_KEY_UISupportedInterfaceOrientations_iPhone = "UIInterfaceOrientationPortrait UIInterfaceOrientationLandscapeLeft UIInterfaceOrientationLandscapeRight";
				IPHONEOS_DEPLOYMENT_TARGET = 16.0;
				LD_RUNPATH_SEARCH_PATHS = (
					"$(inherited)",
					"@executable_path/Frameworks",
				);
				MARKETING_VERSION = 1.0;
				PRODUCT_BUNDLE_IDENTIFIER = "com.okaverin-test.VIPFeed";
				PRODUCT_NAME = "$(TARGET_NAME)";
				SWIFT_EMIT_LOC_STRINGS = YES;
				SWIFT_VERSION = 5.0;
				TARGETED_DEVICE_FAMILY = "1,2";
			};
			name = Debug;
		};
		D2E2018C29E9728C00880CBB /* Release */ = {
			isa = XCBuildConfiguration;
			buildSettings = {
				ASSETCATALOG_COMPILER_APPICON_NAME = AppIcon;
				ASSETCATALOG_COMPILER_GLOBAL_ACCENT_COLOR_NAME = AccentColor;
				CODE_SIGN_STYLE = Automatic;
				CURRENT_PROJECT_VERSION = 1;
				DEVELOPMENT_ASSET_PATHS = "\"VIPFeed/Preview Content\"";
				DEVELOPMENT_TEAM = DPQ9RAQSM5;
				ENABLE_PREVIEWS = YES;
				GENERATE_INFOPLIST_FILE = YES;
				INFOPLIST_FILE = VIPFeed/Info.plist;
				INFOPLIST_KEY_UIApplicationSupportsIndirectInputEvents = YES;
				INFOPLIST_KEY_UILaunchScreen_Generation = YES;
				INFOPLIST_KEY_UISupportedInterfaceOrientations_iPad = "UIInterfaceOrientationPortrait UIInterfaceOrientationPortraitUpsideDown UIInterfaceOrientationLandscapeLeft UIInterfaceOrientationLandscapeRight";
				INFOPLIST_KEY_UISupportedInterfaceOrientations_iPhone = "UIInterfaceOrientationPortrait UIInterfaceOrientationLandscapeLeft UIInterfaceOrientationLandscapeRight";
				IPHONEOS_DEPLOYMENT_TARGET = 16.0;
				LD_RUNPATH_SEARCH_PATHS = (
					"$(inherited)",
					"@executable_path/Frameworks",
				);
				MARKETING_VERSION = 1.0;
				PRODUCT_BUNDLE_IDENTIFIER = "com.okaverin-test.VIPFeed";
				PRODUCT_NAME = "$(TARGET_NAME)";
				SWIFT_EMIT_LOC_STRINGS = YES;
				SWIFT_VERSION = 5.0;
				TARGETED_DEVICE_FAMILY = "1,2";
			};
			name = Release;
		};
/* End XCBuildConfiguration section */

/* Begin XCConfigurationList section */
		D2E2017729E9728B00880CBB /* Build configuration list for PBXProject "VIPFeed" */ = {
			isa = XCConfigurationList;
			buildConfigurations = (
				D2E2018829E9728C00880CBB /* Debug */,
				D2E2018929E9728C00880CBB /* Release */,
			);
			defaultConfigurationIsVisible = 0;
			defaultConfigurationName = Release;
		};
		D2E2018A29E9728C00880CBB /* Build configuration list for PBXNativeTarget "VIPFeed" */ = {
			isa = XCConfigurationList;
			buildConfigurations = (
				D2E2018B29E9728C00880CBB /* Debug */,
				D2E2018C29E9728C00880CBB /* Release */,
			);
			defaultConfigurationIsVisible = 0;
			defaultConfigurationName = Release;
		};
/* End XCConfigurationList section */

/* Begin XCSwiftPackageProductDependency section */
		D26102BD29E9937000609535 /* SearchInput */ = {
			isa = XCSwiftPackageProductDependency;
			productName = SearchInput;
		};
/* End XCSwiftPackageProductDependency section */
	};
	rootObject = D2E2017429E9728B00880CBB /* Project object */;
}
